{
  "name": "myLib",
  "version": "1.0.0",
  "lockfileVersion": 1,
  "requires": true,
  "dependencies": {
    "anylogger": {
      "version": "1.0.10",
      "resolved": "https://registry.npmjs.org/anylogger/-/anylogger-1.0.10.tgz",
      "integrity": "sha512-iZsA9nnDpeS6A19W6LcOKqAxk2pbc93rOl4KnfOItmqdvVktv1rNqqOsY7I2j8wjt0slmGnInapKnfmKAifFDw=="
    },
    "typescript": {
      "version": "4.1.3",
      "resolved": "https://registry.npmjs.org/typescript/-/typescript-4.1.3.tgz",
      "integrity": "sha512-B3ZIOf1IKeH2ixgHhj6la6xdwR9QrLC5d1VKeCSY4tvkqhF2eqd9O7txNlS0PO3GrBAFIdr3L1ndNwteUbZLYg=="
    }
  }
}
